
Microsoft Visual Studio Solution File, Format Version 12.00
# Visual Studio Version 17
VisualStudioVersion = 17.13.35931.197 d17.13
MinimumVisualStudioVersion = 10.0.40219.1
Project("{FAE04EC0-301F-11D3-BF4B-00C04F79EFBC}") = "Task2Piy", "Task2Piy\Task2Piy.csproj", "{24441413-DF03-46A7-B462-6EE30930D2FE}"
EndProject
Global
	GlobalSection(SolutionConfigurationPlatforms) = preSolution
		Debug|Any CPU = Debug|Any CPU
		Release|Any CPU = Release|Any CPU
	EndGlobalSection
	GlobalSection(ProjectConfigurationPlatforms) = postSolution
		{24441413-DF03-46A7-B462-6EE30930D2FE}.Debug|Any CPU.ActiveCfg = Debug|Any CPU
		{24441413-DF03-46A7-B462-6EE30930D2FE}.Debug|Any CPU.Build.0 = Debug|Any CPU
		{24441413-DF03-46A7-B462-6EE30930D2FE}.Release|Any CPU.ActiveCfg = Release|Any CPU
		{24441413-DF03-46A7-B462-6EE30930D2FE}.Release|Any CPU.Build.0 = Release|Any CPU
	EndGlobalSection
	GlobalSection(SolutionProperties) = preSolution
		HideSolutionNode = FALSE
	EndGlobalSection
	GlobalSection(ExtensibilityGlobals) = postSolution
		SolutionGuid = {28406338-FB6A-4987-AC43-2A67B5E89F53}
	EndGlobalSection
EndGlobal
